// !$*UTF8*$!
{
	archiveVersion = 1;
	classes = {
	};
	objectVersion = 56;
	objects = {

/* Begin PBXBuildFile section */
		897F87BA2987F9180061B50F /* FructusAppApp.swift in Sources */ = {isa = PBXBuildFile; fileRef = 897F87B92987F9180061B50F /* FructusAppApp.swift */; };
		897F87BC2987F9180061B50F /* ContentView.swift in Sources */ = {isa = PBXBuildFile; fileRef = 897F87BB2987F9180061B50F /* ContentView.swift */; };
		897F87BE2987F91A0061B50F /* Assets.xcassets in Resources */ = {isa = PBXBuildFile; fileRef = 897F87BD2987F91A0061B50F /* Assets.xcassets */; };
		897F87C12987F91A0061B50F /* Preview Assets.xcassets in Resources */ = {isa = PBXBuildFile; fileRef = 897F87C02987F91A0061B50F /* Preview Assets.xcassets */; };
		897F87CA2987FECD0061B50F /* FruitCardView.swift in Sources */ = {isa = PBXBuildFile; fileRef = 897F87C92987FECD0061B50F /* FruitCardView.swift */; };
		897F87CC298802350061B50F /* StartButtonView.swift in Sources */ = {isa = PBXBuildFile; fileRef = 897F87CB298802350061B50F /* StartButtonView.swift */; };
		897F87CE2988061D0061B50F /* OnboardingView.swift in Sources */ = {isa = PBXBuildFile; fileRef = 897F87CD2988061D0061B50F /* OnboardingView.swift */; };
		897F87D1298807400061B50F /* FruitModel.swift in Sources */ = {isa = PBXBuildFile; fileRef = 897F87D0298807400061B50F /* FruitModel.swift */; };
		897F87D4298807D30061B50F /* FruitsData.swift in Sources */ = {isa = PBXBuildFile; fileRef = 897F87D3298807D30061B50F /* FruitsData.swift */; };
		897F87D62989634E0061B50F /* FruitRowView.swift in Sources */ = {isa = PBXBuildFile; fileRef = 897F87D52989634E0061B50F /* FruitRowView.swift */; };
		897F87D829896BC10061B50F /* FruitDetailView.swift in Sources */ = {isa = PBXBuildFile; fileRef = 897F87D729896BC10061B50F /* FruitDetailView.swift */; };
		897F87DA29896E690061B50F /* FruitHeaderView.swift in Sources */ = {isa = PBXBuildFile; fileRef = 897F87D929896E690061B50F /* FruitHeaderView.swift */; };
		897F87DC298970450061B50F /* SourceLinkView.swift in Sources */ = {isa = PBXBuildFile; fileRef = 897F87DB298970450061B50F /* SourceLinkView.swift */; };
		897F87DE2989737B0061B50F /* FruitNutrientsView.swift in Sources */ = {isa = PBXBuildFile; fileRef = 897F87DD2989737B0061B50F /* FruitNutrientsView.swift */; };
/* End PBXBuildFile section */

/* Begin PBXFileReference section */
		897F87B62987F9180061B50F /* FructusApp.app */ = {isa = PBXFileReference; explicitFileType = wrapper.application; includeInIndex = 0; path = FructusApp.app; sourceTree = BUILT_PRODUCTS_DIR; };
		897F87B92987F9180061B50F /* FructusAppApp.swift */ = {isa = PBXFileReference; lastKnownFileType = sourcecode.swift; path = FructusAppApp.swift; sourceTree = "<group>"; };
		897F87BB2987F9180061B50F /* ContentView.swift */ = {isa = PBXFileReference; lastKnownFileType = sourcecode.swift; path = ContentView.swift; sourceTree = "<group>"; };
		897F87BD2987F91A0061B50F /* Assets.xcassets */ = {isa = PBXFileReference; lastKnownFileType = folder.assetcatalog; path = Assets.xcassets; sourceTree = "<group>"; };
		897F87C02987F91A0061B50F /* Preview Assets.xcassets */ = {isa = PBXFileReference; lastKnownFileType = folder.assetcatalog; path = "Preview Assets.xcassets"; sourceTree = "<group>"; };
		897F87C92987FECD0061B50F /* FruitCardView.swift */ = {isa = PBXFileReference; lastKnownFileType = sourcecode.swift; path = FruitCardView.swift; sourceTree = "<group>"; };
		897F87CB298802350061B50F /* StartButtonView.swift */ = {isa = PBXFileReference; lastKnownFileType = sourcecode.swift; path = StartButtonView.swift; sourceTree = "<group>"; };
		897F87CD2988061D0061B50F /* OnboardingView.swift */ = {isa = PBXFileReference; lastKnownFileType = sourcecode.swift; path = OnboardingView.swift; sourceTree = "<group>"; };
		897F87D0298807400061B50F /* FruitModel.swift */ = {isa = PBXFileReference; lastKnownFileType = sourcecode.swift; path = FruitModel.swift; sourceTree = "<group>"; };
		897F87D3298807D30061B50F /* FruitsData.swift */ = {isa = PBXFileReference; lastKnownFileType = sourcecode.swift; path = FruitsData.swift; sourceTree = "<group>"; };
		897F87D52989634E0061B50F /* FruitRowView.swift */ = {isa = PBXFileReference; lastKnownFileType = sourcecode.swift; path = FruitRowView.swift; sourceTree = "<group>"; };
		897F87D729896BC10061B50F /* FruitDetailView.swift */ = {isa = PBXFileReference; lastKnownFileType = sourcecode.swift; path = FruitDetailView.swift; sourceTree = "<group>"; };
		897F87D929896E690061B50F /* FruitHeaderView.swift */ = {isa = PBXFileReference; lastKnownFileType = sourcecode.swift; path = FruitHeaderView.swift; sourceTree = "<group>"; };
		897F87DB298970450061B50F /* SourceLinkView.swift */ = {isa = PBXFileReference; lastKnownFileType = sourcecode.swift; path = SourceLinkView.swift; sourceTree = "<group>"; };
		897F87DD2989737B0061B50F /* FruitNutrientsView.swift */ = {isa = PBXFileReference; lastKnownFileType = sourcecode.swift; path = FruitNutrientsView.swift; sourceTree = "<group>"; };
/* End PBXFileReference section */

/* Begin PBXFrameworksBuildPhase section */
		897F87B32987F9180061B50F /* Frameworks */ = {
			isa = PBXFrameworksBuildPhase;
			buildActionMask = 2147483647;
			files = (
			);
			runOnlyForDeploymentPostprocessing = 0;
		};
/* End PBXFrameworksBuildPhase section */

/* Begin PBXGroup section */
		897F87AD2987F9180061B50F = {
			isa = PBXGroup;
			children = (
				897F87B82987F9180061B50F /* FructusApp */,
				897F87B72987F9180061B50F /* Products */,
			);
			sourceTree = "<group>";
		};
		897F87B72987F9180061B50F /* Products */ = {
			isa = PBXGroup;
			children = (
				897F87B62987F9180061B50F /* FructusApp.app */,
			);
			name = Products;
			sourceTree = "<group>";
		};
		897F87B82987F9180061B50F /* FructusApp */ = {
			isa = PBXGroup;
			children = (
				897F87D2298807C50061B50F /* Data */,
				897F87CF2988072C0061B50F /* Model */,
				897F87C82987FEAA0061B50F /* View */,
				897F87C72987FE890061B50F /* App */,
				897F87BD2987F91A0061B50F /* Assets.xcassets */,
				897F87BF2987F91A0061B50F /* Preview Content */,
			);
			path = FructusApp;
			sourceTree = "<group>";
		};
		897F87BF2987F91A0061B50F /* Preview Content */ = {
			isa = PBXGroup;
			children = (
				897F87C02987F91A0061B50F /* Preview Assets.xcassets */,
			);
			path = "Preview Content";
			sourceTree = "<group>";
		};
		897F87C72987FE890061B50F /* App */ = {
			isa = PBXGroup;
			children = (
				897F87B92987F9180061B50F /* FructusAppApp.swift */,
				897F87BB2987F9180061B50F /* ContentView.swift */,
				897F87CD2988061D0061B50F /* OnboardingView.swift */,
				897F87D729896BC10061B50F /* FruitDetailView.swift */,
			);
			path = App;
			sourceTree = "<group>";
		};
		897F87C82987FEAA0061B50F /* View */ = {
			isa = PBXGroup;
			children = (
				897F87C92987FECD0061B50F /* FruitCardView.swift */,
				897F87CB298802350061B50F /* StartButtonView.swift */,
				897F87D52989634E0061B50F /* FruitRowView.swift */,
				897F87D929896E690061B50F /* FruitHeaderView.swift */,
				897F87DB298970450061B50F /* SourceLinkView.swift */,
				897F87DD2989737B0061B50F /* FruitNutrientsView.swift */,
			);
			path = View;
			sourceTree = "<group>";
		};
		897F87CF2988072C0061B50F /* Model */ = {
			isa = PBXGroup;
			children = (
				897F87D0298807400061B50F /* FruitModel.swift */,
			);
			path = Model;
			sourceTree = "<group>";
		};
		897F87D2298807C50061B50F /* Data */ = {
			isa = PBXGroup;
			children = (
				897F87D3298807D30061B50F /* FruitsData.swift */,
			);
			path = Data;
			sourceTree = "<group>";
		};
/* End PBXGroup section */

/* Begin PBXNativeTarget section */
		897F87B52987F9180061B50F /* FructusApp */ = {
			isa = PBXNativeTarget;
			buildConfigurationList = 897F87C42987F91A0061B50F /* Build configuration list for PBXNativeTarget "FructusApp" */;
			buildPhases = (
				897F87B22987F9180061B50F /* Sources */,
				897F87B32987F9180061B50F /* Frameworks */,
				897F87B42987F9180061B50F /* Resources */,
			);
			buildRules = (
			);
			dependencies = (
			);
			name = FructusApp;
			productName = FructusApp;
			productReference = 897F87B62987F9180061B50F /* FructusApp.app */;
			productType = "com.apple.product-type.application";
		};
/* End PBXNativeTarget section */

/* Begin PBXProject section */
		897F87AE2987F9180061B50F /* Project object */ = {
			isa = PBXProject;
			attributes = {
				BuildIndependentTargetsInParallel = 1;
				LastSwiftUpdateCheck = 1400;
				LastUpgradeCheck = 1400;
				TargetAttributes = {
					897F87B52987F9180061B50F = {
						CreatedOnToolsVersion = 14.0.1;
					};
				};
			};
			buildConfigurationList = 897F87B12987F9180061B50F /* Build configuration list for PBXProject "FructusApp" */;
			compatibilityVersion = "Xcode 14.0";
			developmentRegion = en;
			hasScannedForEncodings = 0;
			knownRegions = (
				en,
				Base,
			);
			mainGroup = 897F87AD2987F9180061B50F;
			productRefGroup = 897F87B72987F9180061B50F /* Products */;
			projectDirPath = "";
			projectRoot = "";
			targets = (
				897F87B52987F9180061B50F /* FructusApp */,
			);
		};
/* End PBXProject section */

/* Begin PBXResourcesBuildPhase section */
		897F87B42987F9180061B50F /* Resources */ = {
			isa = PBXResourcesBuildPhase;
			buildActionMask = 2147483647;
			files = (
				897F87C12987F91A0061B50F /* Preview Assets.xcassets in Resources */,
				897F87BE2987F91A0061B50F /* Assets.xcassets in Resources */,
			);
			runOnlyForDeploymentPostprocessing = 0;
		};
/* End PBXResourcesBuildPhase section */

/* Begin PBXSourcesBuildPhase section */
		897F87B22987F9180061B50F /* Sources */ = {
			isa = PBXSourcesBuildPhase;
			buildActionMask = 2147483647;
			files = (
				897F87D4298807D30061B50F /* FruitsData.swift in Sources */,
				897F87DC298970450061B50F /* SourceLinkView.swift in Sources */,
				897F87CA2987FECD0061B50F /* FruitCardView.swift in Sources */,
				897F87D62989634E0061B50F /* FruitRowView.swift in Sources */,
				897F87DE2989737B0061B50F /* FruitNutrientsView.swift in Sources */,
				897F87CC298802350061B50F /* StartButtonView.swift in Sources */,
				897F87D829896BC10061B50F /* FruitDetailView.swift in Sources */,
				897F87BC2987F9180061B50F /* ContentView.swift in Sources */,
				897F87DA29896E690061B50F /* FruitHeaderView.swift in Sources */,
				897F87CE2988061D0061B50F /* OnboardingView.swift in Sources */,
				897F87D1298807400061B50F /* FruitModel.swift in Sources */,
				897F87BA2987F9180061B50F /* FructusAppApp.swift in Sources */,
			);
			runOnlyForDeploymentPostprocessing = 0;
		};
/* End PBXSourcesBuildPhase section */

/* Begin XCBuildConfiguration section */
		897F87C22987F91A0061B50F /* Debug */ = {
			isa = XCBuildConfiguration;
			buildSettings = {
				ALWAYS_SEARCH_USER_PATHS = NO;
				CLANG_ANALYZER_NONNULL = YES;
				CLANG_ANALYZER_NUMBER_OBJECT_CONVERSION = YES_AGGRESSIVE;
				CLANG_CXX_LANGUAGE_STANDARD = "gnu++20";
				CLANG_ENABLE_MODULES = YES;
				CLANG_ENABLE_OBJC_ARC = YES;
				CLANG_ENABLE_OBJC_WEAK = YES;
				CLANG_WARN_BLOCK_CAPTURE_AUTORELEASING = YES;
				CLANG_WARN_BOOL_CONVERSION = YES;
				CLANG_WARN_COMMA = YES;
				CLANG_WARN_CONSTANT_CONVERSION = YES;
				CLANG_WARN_DEPRECATED_OBJC_IMPLEMENTATIONS = YES;
				CLANG_WARN_DIRECT_OBJC_ISA_USAGE = YES_ERROR;
				CLANG_WARN_DOCUMENTATION_COMMENTS = YES;
				CLANG_WARN_EMPTY_BODY = YES;
				CLANG_WARN_ENUM_CONVERSION = YES;
				CLANG_WARN_INFINITE_RECURSION = YES;
				CLANG_WARN_INT_CONVERSION = YES;
				CLANG_WARN_NON_LITERAL_NULL_CONVERSION = YES;
				CLANG_WARN_OBJC_IMPLICIT_RETAIN_SELF = YES;
				CLANG_WARN_OBJC_LITERAL_CONVERSION = YES;
				CLANG_WARN_OBJC_ROOT_CLASS = YES_ERROR;
				CLANG_WARN_QUOTED_INCLUDE_IN_FRAMEWORK_HEADER = YES;
				CLANG_WARN_RANGE_LOOP_ANALYSIS = YES;
				CLANG_WARN_STRICT_PROTOTYPES = YES;
				CLANG_WARN_SUSPICIOUS_MOVE = YES;
				CLANG_WARN_UNGUARDED_AVAILABILITY = YES_AGGRESSIVE;
				CLANG_WARN_UNREACHABLE_CODE = YES;
				CLANG_WARN__DUPLICATE_METHOD_MATCH = YES;
				COPY_PHASE_STRIP = NO;
				DEBUG_INFORMATION_FORMAT = dwarf;
				ENABLE_STRICT_OBJC_MSGSEND = YES;
				ENABLE_TESTABILITY = YES;
				GCC_C_LANGUAGE_STANDARD = gnu11;
				GCC_DYNAMIC_NO_PIC = NO;
				GCC_NO_COMMON_BLOCKS = YES;
				GCC_OPTIMIZATION_LEVEL = 0;
				GCC_PREPROCESSOR_DEFINITIONS = (
					"DEBUG=1",
					"$(inherited)",
				);
				GCC_WARN_64_TO_32_BIT_CONVERSION = YES;
				GCC_WARN_ABOUT_RETURN_TYPE = YES_ERROR;
				GCC_WARN_UNDECLARED_SELECTOR = YES;
				GCC_WARN_UNINITIALIZED_AUTOS = YES_AGGRESSIVE;
				GCC_WARN_UNUSED_FUNCTION = YES;
				GCC_WARN_UNUSED_VARIABLE = YES;
				IPHONEOS_DEPLOYMENT_TARGET = 16.0;
				MTL_ENABLE_DEBUG_INFO = INCLUDE_SOURCE;
				MTL_FAST_MATH = YES;
				ONLY_ACTIVE_ARCH = YES;
				SDKROOT = iphoneos;
				SWIFT_ACTIVE_COMPILATION_CONDITIONS = DEBUG;
				SWIFT_OPTIMIZATION_LEVEL = "-Onone";
			};
			name = Debug;
		};
		897F87C32987F91A0061B50F /* Release */ = {
			isa = XCBuildConfiguration;
			buildSettings = {
				ALWAYS_SEARCH_USER_PATHS = NO;
				CLANG_ANALYZER_NONNULL = YES;
				CLANG_ANALYZER_NUMBER_OBJECT_CONVERSION = YES_AGGRESSIVE;
				CLANG_CXX_LANGUAGE_STANDARD = "gnu++20";
				CLANG_ENABLE_MODULES = YES;
				CLANG_ENABLE_OBJC_ARC = YES;
				CLANG_ENABLE_OBJC_WEAK = YES;
				CLANG_WARN_BLOCK_CAPTURE_AUTORELEASING = YES;
				CLANG_WARN_BOOL_CONVERSION = YES;
				CLANG_WARN_COMMA = YES;
				CLANG_WARN_CONSTANT_CONVERSION = YES;
				CLANG_WARN_DEPRECATED_OBJC_IMPLEMENTATIONS = YES;
				CLANG_WARN_DIRECT_OBJC_ISA_USAGE = YES_ERROR;
				CLANG_WARN_DOCUMENTATION_COMMENTS = YES;
				CLANG_WARN_EMPTY_BODY = YES;
				CLANG_WARN_ENUM_CONVERSION = YES;
				CLANG_WARN_INFINITE_RECURSION = YES;
				CLANG_WARN_INT_CONVERSION = YES;
				CLANG_WARN_NON_LITERAL_NULL_CONVERSION = YES;
				CLANG_WARN_OBJC_IMPLICIT_RETAIN_SELF = YES;
				CLANG_WARN_OBJC_LITERAL_CONVERSION = YES;
				CLANG_WARN_OBJC_ROOT_CLASS = YES_ERROR;
				CLANG_WARN_QUOTED_INCLUDE_IN_FRAMEWORK_HEADER = YES;
				CLANG_WARN_RANGE_LOOP_ANALYSIS = YES;
				CLANG_WARN_STRICT_PROTOTYPES = YES;
				CLANG_WARN_SUSPICIOUS_MOVE = YES;
				CLANG_WARN_UNGUARDED_AVAILABILITY = YES_AGGRESSIVE;
				CLANG_WARN_UNREACHABLE_CODE = YES;
				CLANG_WARN__DUPLICATE_METHOD_MATCH = YES;
				COPY_PHASE_STRIP = NO;
				DEBUG_INFORMATION_FORMAT = "dwarf-with-dsym";
				ENABLE_NS_ASSERTIONS = NO;
				ENABLE_STRICT_OBJC_MSGSEND = YES;
				GCC_C_LANGUAGE_STANDARD = gnu11;
				GCC_NO_COMMON_BLOCKS = YES;
				GCC_WARN_64_TO_32_BIT_CONVERSION = YES;
				GCC_WARN_ABOUT_RETURN_TYPE = YES_ERROR;
				GCC_WARN_UNDECLARED_SELECTOR = YES;
				GCC_WARN_UNINITIALIZED_AUTOS = YES_AGGRESSIVE;
				GCC_WARN_UNUSED_FUNCTION = YES;
				GCC_WARN_UNUSED_VARIABLE = YES;
				IPHONEOS_DEPLOYMENT_TARGET = 16.0;
				MTL_ENABLE_DEBUG_INFO = NO;
				MTL_FAST_MATH = YES;
				SDKROOT = iphoneos;
				SWIFT_COMPILATION_MODE = wholemodule;
				SWIFT_OPTIMIZATION_LEVEL = "-O";
				VALIDATE_PRODUCT = YES;
			};
			name = Release;
		};
		897F87C52987F91A0061B50F /* Debug */ = {
			isa = XCBuildConfiguration;
			buildSettings = {
				ASSETCATALOG_COMPILER_APPICON_NAME = AppIcon;
				ASSETCATALOG_COMPILER_GLOBAL_ACCENT_COLOR_NAME = AccentColor;
				CODE_SIGN_STYLE = Automatic;
				CURRENT_PROJECT_VERSION = 1;
				DEVELOPMENT_ASSET_PATHS = "\"FructusApp/Preview Content\"";
				ENABLE_PREVIEWS = YES;
				GENERATE_INFOPLIST_FILE = YES;
				INFOPLIST_KEY_UIApplicationSceneManifest_Generation = YES;
				INFOPLIST_KEY_UIApplicationSupportsIndirectInputEvents = YES;
				INFOPLIST_KEY_UILaunchScreen_Generation = YES;
				INFOPLIST_KEY_UISupportedInterfaceOrientations = UIInterfaceOrientationPortrait;
				IPHONEOS_DEPLOYMENT_TARGET = 14.0;
				LD_RUNPATH_SEARCH_PATHS = (
					"$(inherited)",
					"@executable_path/Frameworks",
				);
				MARKETING_VERSION = 1.0;
				PRODUCT_BUNDLE_IDENTIFIER = carvalhofroesrafa.FructusApp;
				PRODUCT_NAME = "$(TARGET_NAME)";
				SWIFT_EMIT_LOC_STRINGS = YES;
				SWIFT_VERSION = 5.0;
				TARGETED_DEVICE_FAMILY = "1,2";
			};
			name = Debug;
		};
		897F87C62987F91A0061B50F /* Release */ = {
			isa = XCBuildConfiguration;
			buildSettings = {
				ASSETCATALOG_COMPILER_APPICON_NAME = AppIcon;
				ASSETCATALOG_COMPILER_GLOBAL_ACCENT_COLOR_NAME = AccentColor;
				CODE_SIGN_STYLE = Automatic;
				CURRENT_PROJECT_VERSION = 1;
				DEVELOPMENT_ASSET_PATHS = "\"FructusApp/Preview Content\"";
				ENABLE_PREVIEWS = YES;
				GENERATE_INFOPLIST_FILE = YES;
				INFOPLIST_KEY_UIApplicationSceneManifest_Generation = YES;
				INFOPLIST_KEY_UIApplicationSupportsIndirectInputEvents = YES;
				INFOPLIST_KEY_UILaunchScreen_Generation = YES;
				INFOPLIST_KEY_UISupportedInterfaceOrientations = UIInterfaceOrientationPortrait;
				IPHONEOS_DEPLOYMENT_TARGET = 14.0;
				LD_RUNPATH_SEARCH_PATHS = (
					"$(inherited)",
					"@executable_path/Frameworks",
				);
				MARKETING_VERSION = 1.0;
				PRODUCT_BUNDLE_IDENTIFIER = carvalhofroesrafa.FructusApp;
				PRODUCT_NAME = "$(TARGET_NAME)";
				SWIFT_EMIT_LOC_STRINGS = YES;
				SWIFT_VERSION = 5.0;
				TARGETED_DEVICE_FAMILY = "1,2";
			};
			name = Release;
		};
/* End XCBuildConfiguration section */

/* Begin XCConfigurationList section */
		897F87B12987F9180061B50F /* Build configuration list for PBXProject "FructusApp" */ = {
			isa = XCConfigurationList;
			buildConfigurations = (
				897F87C22987F91A0061B50F /* Debug */,
				897F87C32987F91A0061B50F /* Release */,
			);
			defaultConfigurationIsVisible = 0;
			defaultConfigurationName = Release;
		};
		897F87C42987F91A0061B50F /* Build configuration list for PBXNativeTarget "FructusApp" */ = {
			isa = XCConfigurationList;
			buildConfigurations = (
				897F87C52987F91A0061B50F /* Debug */,
				897F87C62987F91A0061B50F /* Release */,
			);
			defaultConfigurationIsVisible = 0;
			defaultConfigurationName = Release;
		};
/* End XCConfigurationList section */
	};
	rootObject = 897F87AE2987F9180061B50F /* Project object */;
}
